
Microsoft Visual Studio Solution File, Format Version 12.00
# Visual Studio Version 17
VisualStudioVersion = 17.4.33213.308
MinimumVisualStudioVersion = 10.0.40219.1
Project("{FAE04EC0-301F-11D3-BF4B-00C04F79EFBC}") = "Parcial2", "Parcial2\Parcial2.csproj", "{81B0B441-79CF-450C-B340-C17264B94B87}"
EndProject
Global
	GlobalSection(SolutionConfigurationPlatforms) = preSolution
		Debug|Any CPU = Debug|Any CPU
		Release|Any CPU = Release|Any CPU
	EndGlobalSection
	GlobalSection(ProjectConfigurationPlatforms) = postSolution
		{81B0B441-79CF-450C-B340-C17264B94B87}.Debug|Any CPU.ActiveCfg = Debug|Any CPU
		{81B0B441-79CF-450C-B340-C17264B94B87}.Debug|Any CPU.Build.0 = Debug|Any CPU
		{81B0B441-79CF-450C-B340-C17264B94B87}.Release|Any CPU.ActiveCfg = Release|Any CPU
		{81B0B441-79CF-450C-B340-C17264B94B87}.Release|Any CPU.Build.0 = Release|Any CPU
	EndGlobalSection
	GlobalSection(SolutionProperties) = preSolution
		HideSolutionNode = FALSE
	EndGlobalSection
	GlobalSection(ExtensibilityGlobals) = postSolution
		SolutionGuid = {B8639753-6BA3-4A1D-AC24-ED7D6007BEA2}
	EndGlobalSection
EndGlobal
